
Microsoft Visual Studio Solution File, Format Version 12.00
# Visual Studio Version 17
VisualStudioVersion = 17.1.32210.238
MinimumVisualStudioVersion = 10.0.40219.1
Project("{FAE04EC0-301F-11D3-BF4B-00C04F79EFBC}") = "DiLibaier-0504AllLabApp", "DiLibaier-0504AllLabApp\DiLibaier-0504AllLabApp.csproj", "{C964D543-2D68-462B-88B0-44BEA9A182C0}"
EndProject
Project("{FAE04EC0-301F-11D3-BF4B-00C04F79EFBC}") = "LabAss2", "LabAss2\LabAss2.csproj", "{48AA16D0-F155-467C-80C7-12CBB80A1C03}"
EndProject
Project("{FAE04EC0-301F-11D3-BF4B-00C04F79EFBC}") = "LabAss3", "LabAss3\LabAss3.csproj", "{2FB78A8B-CAAA-495D-9B34-8704B7E6CB7B}"
EndProject
Project("{FAE04EC0-301F-11D3-BF4B-00C04F79EFBC}") = "LabAss4(1)", "LabAss4(1)\LabAss4(1).csproj", "{41AD625A-8F11-4976-A25D-9C6F4CEA7636}"
EndProject
Project("{FAE04EC0-301F-11D3-BF4B-00C04F79EFBC}") = "LabAss5", "LabAss5\LabAss5.csproj", "{9A35FE60-B20A-4045-BBA7-B5DDF945DAB2}"
EndProject
Project("{FAE04EC0-301F-11D3-BF4B-00C04F79EFBC}") = "LabAss6", "LabAss6\LabAss6.csproj", "{80775208-4B0A-4F51-8364-64E00FAF0D94}"
EndProject
Global
	GlobalSection(SolutionConfigurationPlatforms) = preSolution
		Debug|Any CPU = Debug|Any CPU
		Release|Any CPU = Release|Any CPU
	EndGlobalSection
	GlobalSection(ProjectConfigurationPlatforms) = postSolution
		{C964D543-2D68-462B-88B0-44BEA9A182C0}.Debug|Any CPU.ActiveCfg = Debug|Any CPU
		{C964D543-2D68-462B-88B0-44BEA9A182C0}.Debug|Any CPU.Build.0 = Debug|Any CPU
		{C964D543-2D68-462B-88B0-44BEA9A182C0}.Release|Any CPU.ActiveCfg = Release|Any CPU
		{C964D543-2D68-462B-88B0-44BEA9A182C0}.Release|Any CPU.Build.0 = Release|Any CPU
		{48AA16D0-F155-467C-80C7-12CBB80A1C03}.Debug|Any CPU.ActiveCfg = Debug|Any CPU
		{48AA16D0-F155-467C-80C7-12CBB80A1C03}.Debug|Any CPU.Build.0 = Debug|Any CPU
		{48AA16D0-F155-467C-80C7-12CBB80A1C03}.Release|Any CPU.ActiveCfg = Release|Any CPU
		{48AA16D0-F155-467C-80C7-12CBB80A1C03}.Release|Any CPU.Build.0 = Release|Any CPU
		{2FB78A8B-CAAA-495D-9B34-8704B7E6CB7B}.Debug|Any CPU.ActiveCfg = Debug|Any CPU
		{2FB78A8B-CAAA-495D-9B34-8704B7E6CB7B}.Debug|Any CPU.Build.0 = Debug|Any CPU
		{2FB78A8B-CAAA-495D-9B34-8704B7E6CB7B}.Release|Any CPU.ActiveCfg = Release|Any CPU
		{2FB78A8B-CAAA-495D-9B34-8704B7E6CB7B}.Release|Any CPU.Build.0 = Release|Any CPU
		{41AD625A-8F11-4976-A25D-9C6F4CEA7636}.Debug|Any CPU.ActiveCfg = Debug|Any CPU
		{41AD625A-8F11-4976-A25D-9C6F4CEA7636}.Debug|Any CPU.Build.0 = Debug|Any CPU
		{41AD625A-8F11-4976-A25D-9C6F4CEA7636}.Release|Any CPU.ActiveCfg = Release|Any CPU
		{41AD625A-8F11-4976-A25D-9C6F4CEA7636}.Release|Any CPU.Build.0 = Release|Any CPU
		{9A35FE60-B20A-4045-BBA7-B5DDF945DAB2}.Debug|Any CPU.ActiveCfg = Debug|Any CPU
		{9A35FE60-B20A-4045-BBA7-B5DDF945DAB2}.Debug|Any CPU.Build.0 = Debug|Any CPU
		{9A35FE60-B20A-4045-BBA7-B5DDF945DAB2}.Release|Any CPU.ActiveCfg = Release|Any CPU
		{9A35FE60-B20A-4045-BBA7-B5DDF945DAB2}.Release|Any CPU.Build.0 = Release|Any CPU
		{80775208-4B0A-4F51-8364-64E00FAF0D94}.Debug|Any CPU.ActiveCfg = Debug|Any CPU
		{80775208-4B0A-4F51-8364-64E00FAF0D94}.Debug|Any CPU.Build.0 = Debug|Any CPU
		{80775208-4B0A-4F51-8364-64E00FAF0D94}.Release|Any CPU.ActiveCfg = Release|Any CPU
		{80775208-4B0A-4F51-8364-64E00FAF0D94}.Release|Any CPU.Build.0 = Release|Any CPU
	EndGlobalSection
	GlobalSection(SolutionProperties) = preSolution
		HideSolutionNode = FALSE
	EndGlobalSection
	GlobalSection(ExtensibilityGlobals) = postSolution
		SolutionGuid = {31C6B831-82DE-43AF-B240-4DC69375A0B5}
	EndGlobalSection
EndGlobal
